
Microsoft Visual Studio Solution File, Format Version 12.00
# Visual Studio 2013
VisualStudioVersion = 12.0.31101.0
MinimumVisualStudioVersion = 10.0.40219.1
Project("{FAE04EC0-301F-11D3-BF4B-00C04F79EFBC}") = "KeyUtils", "KeyUtils\KeyUtils.csproj", "{13D8F6BB-B208-4768-85B0-229B868A74F6}"
EndProject
Project("{FAE04EC0-301F-11D3-BF4B-00C04F79EFBC}") = "PWDTK.NET", "PWDTK.NET\PWDTK.NET.csproj", "{1F3A5D51-98E2-4504-BD71-7EAD87BAC245}"
EndProject
Project("{FAE04EC0-301F-11D3-BF4B-00C04F79EFBC}") = "zxcvbn-cs", "zxcvbn\zxcvbn-cs.csproj", "{E80F559C-B5EB-4F14-9E3F-686A9C0237BF}"
EndProject
Global
	GlobalSection(SolutionConfigurationPlatforms) = preSolution
		Debug|Any CPU = Debug|Any CPU
		Release|Any CPU = Release|Any CPU
	EndGlobalSection
	GlobalSection(ProjectConfigurationPlatforms) = postSolution
		{13D8F6BB-B208-4768-85B0-229B868A74F6}.Debug|Any CPU.ActiveCfg = Debug|Any CPU
		{13D8F6BB-B208-4768-85B0-229B868A74F6}.Debug|Any CPU.Build.0 = Debug|Any CPU
		{13D8F6BB-B208-4768-85B0-229B868A74F6}.Release|Any CPU.ActiveCfg = Release|Any CPU
		{13D8F6BB-B208-4768-85B0-229B868A74F6}.Release|Any CPU.Build.0 = Release|Any CPU
		{1F3A5D51-98E2-4504-BD71-7EAD87BAC245}.Debug|Any CPU.ActiveCfg = Debug|Any CPU
		{1F3A5D51-98E2-4504-BD71-7EAD87BAC245}.Debug|Any CPU.Build.0 = Debug|Any CPU
		{1F3A5D51-98E2-4504-BD71-7EAD87BAC245}.Release|Any CPU.ActiveCfg = Release|Any CPU
		{1F3A5D51-98E2-4504-BD71-7EAD87BAC245}.Release|Any CPU.Build.0 = Release|Any CPU
		{E80F559C-B5EB-4F14-9E3F-686A9C0237BF}.Debug|Any CPU.ActiveCfg = Debug|Any CPU
		{E80F559C-B5EB-4F14-9E3F-686A9C0237BF}.Debug|Any CPU.Build.0 = Debug|Any CPU
		{E80F559C-B5EB-4F14-9E3F-686A9C0237BF}.Release|Any CPU.ActiveCfg = Release|Any CPU
		{E80F559C-B5EB-4F14-9E3F-686A9C0237BF}.Release|Any CPU.Build.0 = Release|Any CPU
	EndGlobalSection
	GlobalSection(SolutionProperties) = preSolution
		HideSolutionNode = FALSE
	EndGlobalSection
EndGlobal
